// !$*UTF8*$!
{
	archiveVersion = 1;
	classes = {
	};
	objectVersion = 46;
	objects = {

/* Begin PBXBuildFile section */
		858F94591F5D429B00C24FE7 /* main.m in Sources */ = {isa = PBXBuildFile; fileRef = 858F94581F5D429B00C24FE7 /* main.m */; };
		858F945C1F5D429B00C24FE7 /* AppDelegate.m in Sources */ = {isa = PBXBuildFile; fileRef = 858F945B1F5D429B00C24FE7 /* AppDelegate.m */; };
		858F945F1F5D429B00C24FE7 /* ViewController.m in Sources */ = {isa = PBXBuildFile; fileRef = 858F945E1F5D429B00C24FE7 /* ViewController.m */; };
		858F94621F5D429B00C24FE7 /* Main.storyboard in Resources */ = {isa = PBXBuildFile; fileRef = 858F94601F5D429B00C24FE7 /* Main.storyboard */; };
		858F94641F5D429B00C24FE7 /* Assets.xcassets in Resources */ = {isa = PBXBuildFile; fileRef = 858F94631F5D429B00C24FE7 /* Assets.xcassets */; };
		858F94671F5D429B00C24FE7 /* LaunchScreen.storyboard in Resources */ = {isa = PBXBuildFile; fileRef = 858F94651F5D429B00C24FE7 /* LaunchScreen.storyboard */; };
		858F94711F5D42CF00C24FE7 /* JQTableViewCell.m in Sources */ = {isa = PBXBuildFile; fileRef = 858F946F1F5D42CF00C24FE7 /* JQTableViewCell.m */; };
		858F94721F5D42CF00C24FE7 /* JQTableViewCell.xib in Resources */ = {isa = PBXBuildFile; fileRef = 858F94701F5D42CF00C24FE7 /* JQTableViewCell.xib */; };
/* End PBXBuildFile section */

/* Begin PBXFileReference section */
		858F94541F5D429B00C24FE7 /* miaoShaTest.app */ = {isa = PBXFileReference; explicitFileType = wrapper.application; includeInIndex = 0; path = miaoShaTest.app; sourceTree = BUILT_PRODUCTS_DIR; };
		858F94581F5D429B00C24FE7 /* main.m */ = {isa = PBXFileReference; lastKnownFileType = sourcecode.c.objc; path = main.m; sourceTree = "<group>"; };
		858F945A1F5D429B00C24FE7 /* AppDelegate.h */ = {isa = PBXFileReference; lastKnownFileType = sourcecode.c.h; path = AppDelegate.h; sourceTree = "<group>"; };
		858F945B1F5D429B00C24FE7 /* AppDelegate.m */ = {isa = PBXFileReference; lastKnownFileType = sourcecode.c.objc; path = AppDelegate.m; sourceTree = "<group>"; };
		858F945D1F5D429B00C24FE7 /* ViewController.h */ = {isa = PBXFileReference; lastKnownFileType = sourcecode.c.h; path = ViewController.h; sourceTree = "<group>"; };
		858F945E1F5D429B00C24FE7 /* ViewController.m */ = {isa = PBXFileReference; lastKnownFileType = sourcecode.c.objc; path = ViewController.m; sourceTree = "<group>"; };
		858F94611F5D429B00C24FE7 /* Base */ = {isa = PBXFileReference; lastKnownFileType = file.storyboard; name = Base; path = Base.lproj/Main.storyboard; sourceTree = "<group>"; };
		858F94631F5D429B00C24FE7 /* Assets.xcassets */ = {isa = PBXFileReference; lastKnownFileType = folder.assetcatalog; path = Assets.xcassets; sourceTree = "<group>"; };
		858F94661F5D429B00C24FE7 /* Base */ = {isa = PBXFileReference; lastKnownFileType = file.storyboard; name = Base; path = Base.lproj/LaunchScreen.storyboard; sourceTree = "<group>"; };
		858F94681F5D429B00C24FE7 /* Info.plist */ = {isa = PBXFileReference; lastKnownFileType = text.plist.xml; path = Info.plist; sourceTree = "<group>"; };
		858F946E1F5D42CF00C24FE7 /* JQTableViewCell.h */ = {isa = PBXFileReference; fileEncoding = 4; lastKnownFileType = sourcecode.c.h; path = JQTableViewCell.h; sourceTree = "<group>"; };
		858F946F1F5D42CF00C24FE7 /* JQTableViewCell.m */ = {isa = PBXFileReference; fileEncoding = 4; lastKnownFileType = sourcecode.c.objc; path = JQTableViewCell.m; sourceTree = "<group>"; };
		858F94701F5D42CF00C24FE7 /* JQTableViewCell.xib */ = {isa = PBXFileReference; fileEncoding = 4; lastKnownFileType = file.xib; path = JQTableViewCell.xib; sourceTree = "<group>"; };
/* End PBXFileReference section */

/* Begin PBXFrameworksBuildPhase section */
		858F94511F5D429B00C24FE7 /* Frameworks */ = {
			isa = PBXFrameworksBuildPhase;
			buildActionMask = 2147483647;
			files = (
			);
			runOnlyForDeploymentPostprocessing = 0;
		};
/* End PBXFrameworksBuildPhase section */

/* Begin PBXGroup section */
		858F944B1F5D429B00C24FE7 = {
			isa = PBXGroup;
			children = (
				858F94561F5D429B00C24FE7 /* miaoShaTest */,
				858F94551F5D429B00C24FE7 /* Products */,
			);
			sourceTree = "<group>";
		};
		858F94551F5D429B00C24FE7 /* Products */ = {
			isa = PBXGroup;
			children = (
				858F94541F5D429B00C24FE7 /* miaoShaTest.app */,
			);
			name = Products;
			sourceTree = "<group>";
		};
		858F94561F5D429B00C24FE7 /* miaoShaTest */ = {
			isa = PBXGroup;
			children = (
				858F945A1F5D429B00C24FE7 /* AppDelegate.h */,
				858F945B1F5D429B00C24FE7 /* AppDelegate.m */,
				858F945D1F5D429B00C24FE7 /* ViewController.h */,
				858F945E1F5D429B00C24FE7 /* ViewController.m */,
				858F946E1F5D42CF00C24FE7 /* JQTableViewCell.h */,
				858F946F1F5D42CF00C24FE7 /* JQTableViewCell.m */,
				858F94701F5D42CF00C24FE7 /* JQTableViewCell.xib */,
				858F94601F5D429B00C24FE7 /* Main.storyboard */,
				858F94631F5D429B00C24FE7 /* Assets.xcassets */,
				858F94651F5D429B00C24FE7 /* LaunchScreen.storyboard */,
				858F94681F5D429B00C24FE7 /* Info.plist */,
				858F94571F5D429B00C24FE7 /* Supporting Files */,
			);
			path = miaoShaTest;
			sourceTree = "<group>";
		};
		858F94571F5D429B00C24FE7 /* Supporting Files */ = {
			isa = PBXGroup;
			children = (
				858F94581F5D429B00C24FE7 /* main.m */,
			);
			name = "Supporting Files";
			sourceTree = "<group>";
		};
/* End PBXGroup section */

/* Begin PBXNativeTarget section */
		858F94531F5D429B00C24FE7 /* miaoShaTest */ = {
			isa = PBXNativeTarget;
			buildConfigurationList = 858F946B1F5D429B00C24FE7 /* Build configuration list for PBXNativeTarget "miaoShaTest" */;
			buildPhases = (
				858F94501F5D429B00C24FE7 /* Sources */,
				858F94511F5D429B00C24FE7 /* Frameworks */,
				858F94521F5D429B00C24FE7 /* Resources */,
			);
			buildRules = (
			);
			dependencies = (
			);
			name = miaoShaTest;
			productName = miaoShaTest;
			productReference = 858F94541F5D429B00C24FE7 /* miaoShaTest.app */;
			productType = "com.apple.product-type.application";
		};
/* End PBXNativeTarget section */

/* Begin PBXProject section */
		858F944C1F5D429B00C24FE7 /* Project object */ = {
			isa = PBXProject;
			attributes = {
				LastUpgradeCheck = 0830;
				ORGANIZATIONNAME = Monstar;
				TargetAttributes = {
					858F94531F5D429B00C24FE7 = {
						CreatedOnToolsVersion = 8.3.2;
						DevelopmentTeam = 7L2R245DH9;
						ProvisioningStyle = Automatic;
					};
				};
			};
			buildConfigurationList = 858F944F1F5D429B00C24FE7 /* Build configuration list for PBXProject "miaoShaTest" */;
			compatibilityVersion = "Xcode 3.2";
			developmentRegion = English;
			hasScannedForEncodings = 0;
			knownRegions = (
				en,
				Base,
			);
			mainGroup = 858F944B1F5D429B00C24FE7;
			productRefGroup = 858F94551F5D429B00C24FE7 /* Products */;
			projectDirPath = "";
			projectRoot = "";
			targets = (
				858F94531F5D429B00C24FE7 /* miaoShaTest */,
			);
		};
/* End PBXProject section */

/* Begin PBXResourcesBuildPhase section */
		858F94521F5D429B00C24FE7 /* Resources */ = {
			isa = PBXResourcesBuildPhase;
			buildActionMask = 2147483647;
			files = (
				858F94671F5D429B00C24FE7 /* LaunchScreen.storyboard in Resources */,
				858F94641F5D429B00C24FE7 /* Assets.xcassets in Resources */,
				858F94721F5D42CF00C24FE7 /* JQTableViewCell.xib in Resources */,
				858F94621F5D429B00C24FE7 /* Main.storyboard in Resources */,
			);
			runOnlyForDeploymentPostprocessing = 0;
		};
/* End PBXResourcesBuildPhase section */

/* Begin PBXSourcesBuildPhase section */
		858F94501F5D429B00C24FE7 /* Sources */ = {
			isa = PBXSourcesBuildPhase;
			buildActionMask = 2147483647;
			files = (
				858F945F1F5D429B00C24FE7 /* ViewController.m in Sources */,
				858F945C1F5D429B00C24FE7 /* AppDelegate.m in Sources */,
				858F94711F5D42CF00C24FE7 /* JQTableViewCell.m in Sources */,
				858F94591F5D429B00C24FE7 /* main.m in Sources */,
			);
			runOnlyForDeploymentPostprocessing = 0;
		};
/* End PBXSourcesBuildPhase section */

/* Begin PBXVariantGroup section */
		858F94601F5D429B00C24FE7 /* Main.storyboard */ = {
			isa = PBXVariantGroup;
			children = (
				858F94611F5D429B00C24FE7 /* Base */,
			);
			name = Main.storyboard;
			sourceTree = "<group>";
		};
		858F94651F5D429B00C24FE7 /* LaunchScreen.storyboard */ = {
			isa = PBXVariantGroup;
			children = (
				858F94661F5D429B00C24FE7 /* Base */,
			);
			name = LaunchScreen.storyboard;
			sourceTree = "<group>";
		};
/* End PBXVariantGroup section */

/* Begin XCBuildConfiguration section */
		858F94691F5D429B00C24FE7 /* Debug */ = {
			isa = XCBuildConfiguration;
			buildSettings = {
				ALWAYS_SEARCH_USER_PATHS = NO;
				CLANG_ANALYZER_NONNULL = YES;
				CLANG_ANALYZER_NUMBER_OBJECT_CONVERSION = YES_AGGRESSIVE;
				CLANG_CXX_LANGUAGE_STANDARD = "gnu++0x";
				CLANG_CXX_LIBRARY = "libc++";
				CLANG_ENABLE_MODULES = YES;
				CLANG_ENABLE_OBJC_ARC = YES;
				CLANG_WARN_BOOL_CONVERSION = YES;
				CLANG_WARN_CONSTANT_CONVERSION = YES;
				CLANG_WARN_DIRECT_OBJC_ISA_USAGE = YES_ERROR;
				CLANG_WARN_DOCUMENTATION_COMMENTS = YES;
				CLANG_WARN_EMPTY_BODY = YES;
				CLANG_WARN_ENUM_CONVERSION = YES;
				CLANG_WARN_INFINITE_RECURSION = YES;
				CLANG_WARN_INT_CONVERSION = YES;
				CLANG_WARN_OBJC_ROOT_CLASS = YES_ERROR;
				CLANG_WARN_SUSPICIOUS_MOVE = YES;
				CLANG_WARN_UNREACHABLE_CODE = YES;
				CLANG_WARN__DUPLICATE_METHOD_MATCH = YES;
				"CODE_SIGN_IDENTITY[sdk=iphoneos*]" = "iPhone Developer";
				COPY_PHASE_STRIP = NO;
				DEBUG_INFORMATION_FORMAT = dwarf;
				ENABLE_STRICT_OBJC_MSGSEND = YES;
				ENABLE_TESTABILITY = YES;
				GCC_C_LANGUAGE_STANDARD = gnu99;
				GCC_DYNAMIC_NO_PIC = NO;
				GCC_NO_COMMON_BLOCKS = YES;
				GCC_OPTIMIZATION_LEVEL = 0;
				GCC_PREPROCESSOR_DEFINITIONS = (
					"DEBUG=1",
					"$(inherited)",
				);
				GCC_WARN_64_TO_32_BIT_CONVERSION = YES;
				GCC_WARN_ABOUT_RETURN_TYPE = YES_ERROR;
				GCC_WARN_UNDECLARED_SELECTOR = YES;
				GCC_WARN_UNINITIALIZED_AUTOS = YES_AGGRESSIVE;
				GCC_WARN_UNUSED_FUNCTION = YES;
				GCC_WARN_UNUSED_VARIABLE = YES;
				IPHONEOS_DEPLOYMENT_TARGET = 10.3;
				MTL_ENABLE_DEBUG_INFO = YES;
				ONLY_ACTIVE_ARCH = YES;
				SDKROOT = iphoneos;
			};
			name = Debug;
		};
		858F946A1F5D429B00C24FE7 /* Release */ = {
			isa = XCBuildConfiguration;
			buildSettings = {
				ALWAYS_SEARCH_USER_PATHS = NO;
				CLANG_ANALYZER_NONNULL = YES;
				CLANG_ANALYZER_NUMBER_OBJECT_CONVERSION = YES_AGGRESSIVE;
				CLANG_CXX_LANGUAGE_STANDARD = "gnu++0x";
				CLANG_CXX_LIBRARY = "libc++";
				CLANG_ENABLE_MODULES = YES;
				CLANG_ENABLE_OBJC_ARC = YES;
				CLANG_WARN_BOOL_CONVERSION = YES;
				CLANG_WARN_CONSTANT_CONVERSION = YES;
				CLANG_WARN_DIRECT_OBJC_ISA_USAGE = YES_ERROR;
				CLANG_WARN_DOCUMENTATION_COMMENTS = YES;
				CLANG_WARN_EMPTY_BODY = YES;
				CLANG_WARN_ENUM_CONVERSION = YES;
				CLANG_WARN_INFINITE_RECURSION = YES;
				CLANG_WARN_INT_CONVERSION = YES;
				CLANG_WARN_OBJC_ROOT_CLASS = YES_ERROR;
				CLANG_WARN_SUSPICIOUS_MOVE = YES;
				CLANG_WARN_UNREACHABLE_CODE = YES;
				CLANG_WARN__DUPLICATE_METHOD_MATCH = YES;
				"CODE_SIGN_IDENTITY[sdk=iphoneos*]" = "iPhone Developer";
				COPY_PHASE_STRIP = NO;
				DEBUG_INFORMATION_FORMAT = "dwarf-with-dsym";
				ENABLE_NS_ASSERTIONS = NO;
				ENABLE_STRICT_OBJC_MSGSEND = YES;
				GCC_C_LANGUAGE_STANDARD = gnu99;
				GCC_NO_COMMON_BLOCKS = YES;
				GCC_WARN_64_TO_32_BIT_CONVERSION = YES;
				GCC_WARN_ABOUT_RETURN_TYPE = YES_ERROR;
				GCC_WARN_UNDECLARED_SELECTOR = YES;
				GCC_WARN_UNINITIALIZED_AUTOS = YES_AGGRESSIVE;
				GCC_WARN_UNUSED_FUNCTION = YES;
				GCC_WARN_UNUSED_VARIABLE = YES;
				IPHONEOS_DEPLOYMENT_TARGET = 10.3;
				MTL_ENABLE_DEBUG_INFO = NO;
				SDKROOT = iphoneos;
				VALIDATE_PRODUCT = YES;
			};
			name = Release;
		};
		858F946C1F5D429B00C24FE7 /* Debug */ = {
			isa = XCBuildConfiguration;
			buildSettings = {
				ASSETCATALOG_COMPILER_APPICON_NAME = AppIcon;
				DEVELOPMENT_TEAM = 7L2R245DH9;
				INFOPLIST_FILE = miaoShaTest/Info.plist;
				LD_RUNPATH_SEARCH_PATHS = "$(inherited) @executable_path/Frameworks";
				PRODUCT_BUNDLE_IDENTIFIER = com.miaoshaTest.www.miaoShaTest;
				PRODUCT_NAME = "$(TARGET_NAME)";
			};
			name = Debug;
		};
		858F946D1F5D429B00C24FE7 /* Release */ = {
			isa = XCBuildConfiguration;
			buildSettings = {
				ASSETCATALOG_COMPILER_APPICON_NAME = AppIcon;
				DEVELOPMENT_TEAM = 7L2R245DH9;
				INFOPLIST_FILE = miaoShaTest/Info.plist;
				LD_RUNPATH_SEARCH_PATHS = "$(inherited) @executable_path/Frameworks";
				PRODUCT_BUNDLE_IDENTIFIER = com.miaoshaTest.www.miaoShaTest;
				PRODUCT_NAME = "$(TARGET_NAME)";
			};
			name = Release;
		};
/* End XCBuildConfiguration section */

/* Begin XCConfigurationList section */
		858F944F1F5D429B00C24FE7 /* Build configuration list for PBXProject "miaoShaTest" */ = {
			isa = XCConfigurationList;
			buildConfigurations = (
				858F94691F5D429B00C24FE7 /* Debug */,
				858F946A1F5D429B00C24FE7 /* Release */,
			);
			defaultConfigurationIsVisible = 0;
			defaultConfigurationName = Release;
		};
		858F946B1F5D429B00C24FE7 /* Build configuration list for PBXNativeTarget "miaoShaTest" */ = {
			isa = XCConfigurationList;
			buildConfigurations = (
				858F946C1F5D429B00C24FE7 /* Debug */,
				858F946D1F5D429B00C24FE7 /* Release */,
			);
			defaultConfigurationIsVisible = 0;
			defaultConfigurationName = Release;
		};
/* End XCConfigurationList section */
	};
	rootObject = 858F944C1F5D429B00C24FE7 /* Project object */;
}
